# This file is autogenerated, do not edit; changes may be undone by the next 'dep ensure'.


[[projects]]
  digest = "1:4b559334526958769e5f6d87a648e0818479d1f08c522b0ab6ad1873d62685be"
  name = "github.com/ahmdrz/goinsta"
  packages = ["."]
  pruneopts = "UT"
  revision = "0e274911d267b9361e278a84494b5c3b64b6a612"
  version = "v2.4.0"

[solve-meta]
  analyzer-name = "dep"
  analyzer-version = 1
  input-imports = ["github.com/ahmdrz/goinsta"]
  solver-name = "gps-cdcl"
  solver-version = 1
